PODS:
  - Kiwi/ARC (2.2.4)
  - Kiwi/NonARC (2.2.4)
  - Kiwi/XCTest (2.2.4):
    - Kiwi/ARC
    - Kiwi/NonARC
  - ObjectiveRecord (1.4.0):
    - ObjectiveSugar
  - ObjectiveSugar (1.1.0)

DEPENDENCIES:
  - Kiwi/XCTest (= 2.2.4)
  - ObjectiveRecord (from `../`)
  - ObjectiveSugar

EXTERNAL SOURCES:
  ObjectiveRecord:
    :path: ../

SPEC CHECKSUMS:
  Kiwi: d60d7498b640a16f58b01925fc3c8d7c4d809f66
  ObjectiveRecord: bb24688e5d61d6cf396bbe4a7d2825f68f1b6ed6
  ObjectiveSugar: fed588577bcf9733546aeaa089de444e4bab9a52

COCOAPODS: 0.31.0
